// !$*UTF8*$!
{
	archiveVersion = 1;
	classes = {
	};
	objectVersion = 46;
	objects = {

/* Begin PBXBuildFile section */
		9361590C1EADBA28000D7428 /* AppDelegate.swift in Sources */ = {isa = PBXBuildFile; fileRef = 9361590B1EADBA28000D7428 /* AppDelegate.swift */; };
		9361590E1EADBA28000D7428 /* ViewController.swift in Sources */ = {isa = PBXBuildFile; fileRef = 9361590D1EADBA28000D7428 /* ViewController.swift */; };
		936159111EADBA28000D7428 /* Main.storyboard in Resources */ = {isa = PBXBuildFile; fileRef = 9361590F1EADBA28000D7428 /* Main.storyboard */; };
		936159131EADBA28000D7428 /* Assets.xcassets in Resources */ = {isa = PBXBuildFile; fileRef = 936159121EADBA28000D7428 /* Assets.xcassets */; };
		936159161EADBA28000D7428 /* LaunchScreen.storyboard in Resources */ = {isa = PBXBuildFile; fileRef = 936159141EADBA28000D7428 /* LaunchScreen.storyboard */; };
/* End PBXBuildFile section */

/* Begin PBXFileReference section */
		936159081EADBA28000D7428 /* Twitter2.app */ = {isa = PBXFileReference; explicitFileType = wrapper.application; includeInIndex = 0; path = Twitter2.app; sourceTree = BUILT_PRODUCTS_DIR; };
		9361590B1EADBA28000D7428 /* AppDelegate.swift */ = {isa = PBXFileReference; lastKnownFileType = sourcecode.swift; path = AppDelegate.swift; sourceTree = "<group>"; };
		9361590D1EADBA28000D7428 /* ViewController.swift */ = {isa = PBXFileReference; lastKnownFileType = sourcecode.swift; path = ViewController.swift; sourceTree = "<group>"; };
		936159101EADBA28000D7428 /* Base */ = {isa = PBXFileReference; lastKnownFileType = file.storyboard; name = Base; path = Base.lproj/Main.storyboard; sourceTree = "<group>"; };
		936159121EADBA28000D7428 /* Assets.xcassets */ = {isa = PBXFileReference; lastKnownFileType = folder.assetcatalog; path = Assets.xcassets; sourceTree = "<group>"; };
		936159151EADBA28000D7428 /* Base */ = {isa = PBXFileReference; lastKnownFileType = file.storyboard; name = Base; path = Base.lproj/LaunchScreen.storyboard; sourceTree = "<group>"; };
		936159171EADBA28000D7428 /* Info.plist */ = {isa = PBXFileReference; lastKnownFileType = text.plist.xml; path = Info.plist; sourceTree = "<group>"; };
/* End PBXFileReference section */

/* Begin PBXFrameworksBuildPhase section */
		936159051EADBA28000D7428 /* Frameworks */ = {
			isa = PBXFrameworksBuildPhase;
			buildActionMask = 2147483647;
			files = (
			);
			runOnlyForDeploymentPostprocessing = 0;
		};
/* End PBXFrameworksBuildPhase section */

/* Begin PBXGroup section */
		936158FF1EADBA28000D7428 = {
			isa = PBXGroup;
			children = (
				9361590A1EADBA28000D7428 /* Twitter2 */,
				936159091EADBA28000D7428 /* Products */,
			);
			sourceTree = "<group>";
		};
		936159091EADBA28000D7428 /* Products */ = {
			isa = PBXGroup;
			children = (
				936159081EADBA28000D7428 /* Twitter2.app */,
			);
			name = Products;
			sourceTree = "<group>";
		};
		9361590A1EADBA28000D7428 /* Twitter2 */ = {
			isa = PBXGroup;
			children = (
				9361590B1EADBA28000D7428 /* AppDelegate.swift */,
				9361590D1EADBA28000D7428 /* ViewController.swift */,
				9361590F1EADBA28000D7428 /* Main.storyboard */,
				936159121EADBA28000D7428 /* Assets.xcassets */,
				936159141EADBA28000D7428 /* LaunchScreen.storyboard */,
				936159171EADBA28000D7428 /* Info.plist */,
			);
			path = Twitter2;
			sourceTree = "<group>";
		};
/* End PBXGroup section */

/* Begin PBXNativeTarget section */
		936159071EADBA28000D7428 /* Twitter2 */ = {
			isa = PBXNativeTarget;
			buildConfigurationList = 9361591A1EADBA28000D7428 /* Build configuration list for PBXNativeTarget "Twitter2" */;
			buildPhases = (
				936159041EADBA28000D7428 /* Sources */,
				936159051EADBA28000D7428 /* Frameworks */,
				936159061EADBA28000D7428 /* Resources */,
			);
			buildRules = (
			);
			dependencies = (
			);
			name = Twitter2;
			productName = Twitter2;
			productReference = 936159081EADBA28000D7428 /* Twitter2.app */;
			productType = "com.apple.product-type.application";
		};
/* End PBXNativeTarget section */

/* Begin PBXProject section */
		936159001EADBA28000D7428 /* Project object */ = {
			isa = PBXProject;
			attributes = {
				LastSwiftUpdateCheck = 0820;
				LastUpgradeCheck = 0820;
				ORGANIZATIONNAME = "Namrata Mehta";
				TargetAttributes = {
					936159071EADBA28000D7428 = {
						CreatedOnToolsVersion = 8.2.1;
						ProvisioningStyle = Automatic;
					};
				};
			};
			buildConfigurationList = 936159031EADBA28000D7428 /* Build configuration list for PBXProject "Twitter2" */;
			compatibilityVersion = "Xcode 3.2";
			developmentRegion = English;
			hasScannedForEncodings = 0;
			knownRegions = (
				en,
				Base,
			);
			mainGroup = 936158FF1EADBA28000D7428;
			productRefGroup = 936159091EADBA28000D7428 /* Products */;
			projectDirPath = "";
			projectRoot = "";
			targets = (
				936159071EADBA28000D7428 /* Twitter2 */,
			);
		};
/* End PBXProject section */

/* Begin PBXResourcesBuildPhase section */
		936159061EADBA28000D7428 /* Resources */ = {
			isa = PBXResourcesBuildPhase;
			buildActionMask = 2147483647;
			files = (
				936159161EADBA28000D7428 /* LaunchScreen.storyboard in Resources */,
				936159131EADBA28000D7428 /* Assets.xcassets in Resources */,
				936159111EADBA28000D7428 /* Main.storyboard in Resources */,
			);
			runOnlyForDeploymentPostprocessing = 0;
		};
/* End PBXResourcesBuildPhase section */

/* Begin PBXSourcesBuildPhase section */
		936159041EADBA28000D7428 /* Sources */ = {
			isa = PBXSourcesBuildPhase;
			buildActionMask = 2147483647;
			files = (
				9361590E1EADBA28000D7428 /* ViewController.swift in Sources */,
				9361590C1EADBA28000D7428 /* AppDelegate.swift in Sources */,
			);
			runOnlyForDeploymentPostprocessing = 0;
		};
/* End PBXSourcesBuildPhase section */

/* Begin PBXVariantGroup section */
		9361590F1EADBA28000D7428 /* Main.storyboard */ = {
			isa = PBXVariantGroup;
			children = (
				936159101EADBA28000D7428 /* Base */,
			);
			name = Main.storyboard;
			sourceTree = "<group>";
		};
		936159141EADBA28000D7428 /* LaunchScreen.storyboard */ = {
			isa = PBXVariantGroup;
			children = (
				936159151EADBA28000D7428 /* Base */,
			);
			name = LaunchScreen.storyboard;
			sourceTree = "<group>";
		};
/* End PBXVariantGroup section */

/* Begin XCBuildConfiguration section */
		936159181EADBA28000D7428 /* Debug */ = {
			isa = XCBuildConfiguration;
			buildSettings = {
				ALWAYS_SEARCH_USER_PATHS = NO;
				CLANG_ANALYZER_NONNULL = YES;
				CLANG_CXX_LANGUAGE_STANDARD = "gnu++0x";
				CLANG_CXX_LIBRARY = "libc++";
				CLANG_ENABLE_MODULES = YES;
				CLANG_ENABLE_OBJC_ARC = YES;
				CLANG_WARN_BOOL_CONVERSION = YES;
				CLANG_WARN_CONSTANT_CONVERSION = YES;
				CLANG_WARN_DIRECT_OBJC_ISA_USAGE = YES_ERROR;
				CLANG_WARN_DOCUMENTATION_COMMENTS = YES;
				CLANG_WARN_EMPTY_BODY = YES;
				CLANG_WARN_ENUM_CONVERSION = YES;
				CLANG_WARN_INFINITE_RECURSION = YES;
				CLANG_WARN_INT_CONVERSION = YES;
				CLANG_WARN_OBJC_ROOT_CLASS = YES_ERROR;
				CLANG_WARN_SUSPICIOUS_MOVE = YES;
				CLANG_WARN_UNREACHABLE_CODE = YES;
				CLANG_WARN__DUPLICATE_METHOD_MATCH = YES;
				"CODE_SIGN_IDENTITY[sdk=iphoneos*]" = "iPhone Developer";
				COPY_PHASE_STRIP = NO;
				DEBUG_INFORMATION_FORMAT = dwarf;
				ENABLE_STRICT_OBJC_MSGSEND = YES;
				ENABLE_TESTABILITY = YES;
				GCC_C_LANGUAGE_STANDARD = gnu99;
				GCC_DYNAMIC_NO_PIC = NO;
				GCC_NO_COMMON_BLOCKS = YES;
				GCC_OPTIMIZATION_LEVEL = 0;
				GCC_PREPROCESSOR_DEFINITIONS = (
					"DEBUG=1",
					"$(inherited)",
				);
				GCC_WARN_64_TO_32_BIT_CONVERSION = YES;
				GCC_WARN_ABOUT_RETURN_TYPE = YES_ERROR;
				GCC_WARN_UNDECLARED_SELECTOR = YES;
				GCC_WARN_UNINITIALIZED_AUTOS = YES_AGGRESSIVE;
				GCC_WARN_UNUSED_FUNCTION = YES;
				GCC_WARN_UNUSED_VARIABLE = YES;
				IPHONEOS_DEPLOYMENT_TARGET = 10.2;
				MTL_ENABLE_DEBUG_INFO = YES;
				ONLY_ACTIVE_ARCH = YES;
				SDKROOT = iphoneos;
				SWIFT_ACTIVE_COMPILATION_CONDITIONS = DEBUG;
				SWIFT_OPTIMIZATION_LEVEL = "-Onone";
				TARGETED_DEVICE_FAMILY = "1,2";
			};
			name = Debug;
		};
		936159191EADBA28000D7428 /* Release */ = {
			isa = XCBuildConfiguration;
			buildSettings = {
				ALWAYS_SEARCH_USER_PATHS = NO;
				CLANG_ANALYZER_NONNULL = YES;
				CLANG_CXX_LANGUAGE_STANDARD = "gnu++0x";
				CLANG_CXX_LIBRARY = "libc++";
				CLANG_ENABLE_MODULES = YES;
				CLANG_ENABLE_OBJC_ARC = YES;
				CLANG_WARN_BOOL_CONVERSION = YES;
				CLANG_WARN_CONSTANT_CONVERSION = YES;
				CLANG_WARN_DIRECT_OBJC_ISA_USAGE = YES_ERROR;
				CLANG_WARN_DOCUMENTATION_COMMENTS = YES;
				CLANG_WARN_EMPTY_BODY = YES;
				CLANG_WARN_ENUM_CONVERSION = YES;
				CLANG_WARN_INFINITE_RECURSION = YES;
				CLANG_WARN_INT_CONVERSION = YES;
				CLANG_WARN_OBJC_ROOT_CLASS = YES_ERROR;
				CLANG_WARN_SUSPICIOUS_MOVE = YES;
				CLANG_WARN_UNREACHABLE_CODE = YES;
				CLANG_WARN__DUPLICATE_METHOD_MATCH = YES;
				"CODE_SIGN_IDENTITY[sdk=iphoneos*]" = "iPhone Developer";
				COPY_PHASE_STRIP = NO;
				DEBUG_INFORMATION_FORMAT = "dwarf-with-dsym";
				ENABLE_NS_ASSERTIONS = NO;
				ENABLE_STRICT_OBJC_MSGSEND = YES;
				GCC_C_LANGUAGE_STANDARD = gnu99;
				GCC_NO_COMMON_BLOCKS = YES;
				GCC_WARN_64_TO_32_BIT_CONVERSION = YES;
				GCC_WARN_ABOUT_RETURN_TYPE = YES_ERROR;
				GCC_WARN_UNDECLARED_SELECTOR = YES;
				GCC_WARN_UNINITIALIZED_AUTOS = YES_AGGRESSIVE;
				GCC_WARN_UNUSED_FUNCTION = YES;
				GCC_WARN_UNUSED_VARIABLE = YES;
				IPHONEOS_DEPLOYMENT_TARGET = 10.2;
				MTL_ENABLE_DEBUG_INFO = NO;
				SDKROOT = iphoneos;
				SWIFT_OPTIMIZATION_LEVEL = "-Owholemodule";
				TARGETED_DEVICE_FAMILY = "1,2";
				VALIDATE_PRODUCT = YES;
			};
			name = Release;
		};
		9361591B1EADBA28000D7428 /* Debug */ = {
			isa = XCBuildConfiguration;
			buildSettings = {
				ASSETCATALOG_COMPILER_APPICON_NAME = AppIcon;
				INFOPLIST_FILE = Twitter2/Info.plist;
				LD_RUNPATH_SEARCH_PATHS = "$(inherited) @executable_path/Frameworks";
				PRODUCT_BUNDLE_IDENTIFIER = com.namrata.Twitter2;
				PRODUCT_NAME = "$(TARGET_NAME)";
				SWIFT_VERSION = 3.0;
			};
			name = Debug;
		};
		9361591C1EADBA28000D7428 /* Release */ = {
			isa = XCBuildConfiguration;
			buildSettings = {
				ASSETCATALOG_COMPILER_APPICON_NAME = AppIcon;
				INFOPLIST_FILE = Twitter2/Info.plist;
				LD_RUNPATH_SEARCH_PATHS = "$(inherited) @executable_path/Frameworks";
				PRODUCT_BUNDLE_IDENTIFIER = com.namrata.Twitter2;
				PRODUCT_NAME = "$(TARGET_NAME)";
				SWIFT_VERSION = 3.0;
			};
			name = Release;
		};
/* End XCBuildConfiguration section */

/* Begin XCConfigurationList section */
		936159031EADBA28000D7428 /* Build configuration list for PBXProject "Twitter2" */ = {
			isa = XCConfigurationList;
			buildConfigurations = (
				936159181EADBA28000D7428 /* Debug */,
				936159191EADBA28000D7428 /* Release */,
			);
			defaultConfigurationIsVisible = 0;
			defaultConfigurationName = Release;
		};
		9361591A1EADBA28000D7428 /* Build configuration list for PBXNativeTarget "Twitter2" */ = {
			isa = XCConfigurationList;
			buildConfigurations = (
				9361591B1EADBA28000D7428 /* Debug */,
				9361591C1EADBA28000D7428 /* Release */,
			);
			defaultConfigurationIsVisible = 0;
		};
/* End XCConfigurationList section */
	};
	rootObject = 936159001EADBA28000D7428 /* Project object */;
}
